
Microsoft Visual Studio Solution File, Format Version 12.00
# Visual Studio 15
VisualStudioVersion = 15.0.26730.16
MinimumVisualStudioVersion = 10.0.40219.1
Project("{FAE04EC0-301F-11D3-BF4B-00C04F79EFBC}") = "P01CountWorkingDays", "P01\P01CountWorkingDays.csproj", "{53B9E737-10B4-48B1-B0F9-E73E6150D344}"
EndProject
Project("{FAE04EC0-301F-11D3-BF4B-00C04F79EFBC}") = "P02AdvMessage", "P02AdvMessage\P02AdvMessage.csproj", "{8E772DC9-88E0-4111-B43E-7F5FBF49876E}"
EndProject
Project("{FAE04EC0-301F-11D3-BF4B-00C04F79EFBC}") = "P03IntersectionOfCircles", "P03IntersectionOfCircles\P03IntersectionOfCircles.csproj", "{D2DD28C6-F55D-4382-A8B1-0764EFCCF787}"
EndProject
Project("{FAE04EC0-301F-11D3-BF4B-00C04F79EFBC}") = "P04AverageGrades", "P04AverageGrades\P04AverageGrades.csproj", "{4699D6E3-CAE7-4194-837B-73E9F32FE074}"
EndProject
Project("{FAE04EC0-301F-11D3-BF4B-00C04F79EFBC}") = "P05BookLibrary", "P05BookLibrary\P05BookLibrary.csproj", "{C5D3123F-166B-4E12-AB0E-93767C665F97}"
EndProject
Project("{FAE04EC0-301F-11D3-BF4B-00C04F79EFBC}") = "P06BookLibraryMod", "P06BookLibraryMod\P06BookLibraryMod.csproj", "{779CF182-9A55-4379-B263-DDF61C2F0325}"
EndProject
Project("{FAE04EC0-301F-11D3-BF4B-00C04F79EFBC}") = "P07AndreyAndBilliard", "P07AndreyAndBilliard\P07AndreyAndBilliard.csproj", "{62C83392-055D-41BB-BD09-7898ECD2B951}"
EndProject
Project("{FAE04EC0-301F-11D3-BF4B-00C04F79EFBC}") = "P08MentorGroup", "P08MentorGroup\P08MentorGroup.csproj", "{7F01EC9B-62FD-485A-8EA0-7A504930B2C3}"
EndProject
Global
	GlobalSection(SolutionConfigurationPlatforms) = preSolution
		Debug|Any CPU = Debug|Any CPU
		Release|Any CPU = Release|Any CPU
	EndGlobalSection
	GlobalSection(ProjectConfigurationPlatforms) = postSolution
		{53B9E737-10B4-48B1-B0F9-E73E6150D344}.Debug|Any CPU.ActiveCfg = Debug|Any CPU
		{53B9E737-10B4-48B1-B0F9-E73E6150D344}.Debug|Any CPU.Build.0 = Debug|Any CPU
		{53B9E737-10B4-48B1-B0F9-E73E6150D344}.Release|Any CPU.ActiveCfg = Release|Any CPU
		{53B9E737-10B4-48B1-B0F9-E73E6150D344}.Release|Any CPU.Build.0 = Release|Any CPU
		{8E772DC9-88E0-4111-B43E-7F5FBF49876E}.Debug|Any CPU.ActiveCfg = Debug|Any CPU
		{8E772DC9-88E0-4111-B43E-7F5FBF49876E}.Debug|Any CPU.Build.0 = Debug|Any CPU
		{8E772DC9-88E0-4111-B43E-7F5FBF49876E}.Release|Any CPU.ActiveCfg = Release|Any CPU
		{8E772DC9-88E0-4111-B43E-7F5FBF49876E}.Release|Any CPU.Build.0 = Release|Any CPU
		{D2DD28C6-F55D-4382-A8B1-0764EFCCF787}.Debug|Any CPU.ActiveCfg = Debug|Any CPU
		{D2DD28C6-F55D-4382-A8B1-0764EFCCF787}.Debug|Any CPU.Build.0 = Debug|Any CPU
		{D2DD28C6-F55D-4382-A8B1-0764EFCCF787}.Release|Any CPU.ActiveCfg = Release|Any CPU
		{D2DD28C6-F55D-4382-A8B1-0764EFCCF787}.Release|Any CPU.Build.0 = Release|Any CPU
		{4699D6E3-CAE7-4194-837B-73E9F32FE074}.Debug|Any CPU.ActiveCfg = Debug|Any CPU
		{4699D6E3-CAE7-4194-837B-73E9F32FE074}.Debug|Any CPU.Build.0 = Debug|Any CPU
		{4699D6E3-CAE7-4194-837B-73E9F32FE074}.Release|Any CPU.ActiveCfg = Release|Any CPU
		{4699D6E3-CAE7-4194-837B-73E9F32FE074}.Release|Any CPU.Build.0 = Release|Any CPU
		{C5D3123F-166B-4E12-AB0E-93767C665F97}.Debug|Any CPU.ActiveCfg = Debug|Any CPU
		{C5D3123F-166B-4E12-AB0E-93767C665F97}.Debug|Any CPU.Build.0 = Debug|Any CPU
		{C5D3123F-166B-4E12-AB0E-93767C665F97}.Release|Any CPU.ActiveCfg = Release|Any CPU
		{C5D3123F-166B-4E12-AB0E-93767C665F97}.Release|Any CPU.Build.0 = Release|Any CPU
		{779CF182-9A55-4379-B263-DDF61C2F0325}.Debug|Any CPU.ActiveCfg = Debug|Any CPU
		{779CF182-9A55-4379-B263-DDF61C2F0325}.Debug|Any CPU.Build.0 = Debug|Any CPU
		{779CF182-9A55-4379-B263-DDF61C2F0325}.Release|Any CPU.ActiveCfg = Release|Any CPU
		{779CF182-9A55-4379-B263-DDF61C2F0325}.Release|Any CPU.Build.0 = Release|Any CPU
		{62C83392-055D-41BB-BD09-7898ECD2B951}.Debug|Any CPU.ActiveCfg = Debug|Any CPU
		{62C83392-055D-41BB-BD09-7898ECD2B951}.Debug|Any CPU.Build.0 = Debug|Any CPU
		{62C83392-055D-41BB-BD09-7898ECD2B951}.Release|Any CPU.ActiveCfg = Release|Any CPU
		{62C83392-055D-41BB-BD09-7898ECD2B951}.Release|Any CPU.Build.0 = Release|Any CPU
		{7F01EC9B-62FD-485A-8EA0-7A504930B2C3}.Debug|Any CPU.ActiveCfg = Debug|Any CPU
		{7F01EC9B-62FD-485A-8EA0-7A504930B2C3}.Debug|Any CPU.Build.0 = Debug|Any CPU
		{7F01EC9B-62FD-485A-8EA0-7A504930B2C3}.Release|Any CPU.ActiveCfg = Release|Any CPU
		{7F01EC9B-62FD-485A-8EA0-7A504930B2C3}.Release|Any CPU.Build.0 = Release|Any CPU
	EndGlobalSection
	GlobalSection(SolutionProperties) = preSolution
		HideSolutionNode = FALSE
	EndGlobalSection
	GlobalSection(ExtensibilityGlobals) = postSolution
		SolutionGuid = {31C97306-3E81-474D-A286-EA9F873E3A5C}
	EndGlobalSection
EndGlobal
