
Microsoft Visual Studio Solution File, Format Version 12.00
# Visual Studio 15
VisualStudioVersion = 15.0.26730.16
MinimumVisualStudioVersion = 10.0.40219.1
Project("{FAE04EC0-301F-11D3-BF4B-00C04F79EFBC}") = "P01Phonebook", "Dictionaries-Homework\P01Phonebook.csproj", "{5FC463F2-958F-4249-9FA5-80E416DAB92F}"
EndProject
Project("{FAE04EC0-301F-11D3-BF4B-00C04F79EFBC}") = "P02PhonebookUpgrade", "P02PhonebookUpgrade\P02PhonebookUpgrade.csproj", "{8BB9968B-9D60-4517-99F0-59B40D7F1FB2}"
EndProject
Project("{FAE04EC0-301F-11D3-BF4B-00C04F79EFBC}") = "P03AMinerTask", "P03AMinerTask\P03AMinerTask.csproj", "{D3C8F00E-3151-404F-B35D-FD342A3A88FE}"
EndProject
Project("{FAE04EC0-301F-11D3-BF4B-00C04F79EFBC}") = "P04FixEmails", "P04FixEmails\P04FixEmails.csproj", "{B44E8F8A-0A97-4A2A-AB7F-35C7FF94A849}"
EndProject
Project("{FAE04EC0-301F-11D3-BF4B-00C04F79EFBC}") = "P05HandsOfCards", "P05HandsOfCards\P05HandsOfCards.csproj", "{5D4C5FB3-88DD-44B9-954D-D22B7FA99226}"
EndProject
Global
	GlobalSection(SolutionConfigurationPlatforms) = preSolution
		Debug|Any CPU = Debug|Any CPU
		Release|Any CPU = Release|Any CPU
	EndGlobalSection
	GlobalSection(ProjectConfigurationPlatforms) = postSolution
		{5FC463F2-958F-4249-9FA5-80E416DAB92F}.Debug|Any CPU.ActiveCfg = Debug|Any CPU
		{5FC463F2-958F-4249-9FA5-80E416DAB92F}.Debug|Any CPU.Build.0 = Debug|Any CPU
		{5FC463F2-958F-4249-9FA5-80E416DAB92F}.Release|Any CPU.ActiveCfg = Release|Any CPU
		{5FC463F2-958F-4249-9FA5-80E416DAB92F}.Release|Any CPU.Build.0 = Release|Any CPU
		{8BB9968B-9D60-4517-99F0-59B40D7F1FB2}.Debug|Any CPU.ActiveCfg = Debug|Any CPU
		{8BB9968B-9D60-4517-99F0-59B40D7F1FB2}.Debug|Any CPU.Build.0 = Debug|Any CPU
		{8BB9968B-9D60-4517-99F0-59B40D7F1FB2}.Release|Any CPU.ActiveCfg = Release|Any CPU
		{8BB9968B-9D60-4517-99F0-59B40D7F1FB2}.Release|Any CPU.Build.0 = Release|Any CPU
		{D3C8F00E-3151-404F-B35D-FD342A3A88FE}.Debug|Any CPU.ActiveCfg = Debug|Any CPU
		{D3C8F00E-3151-404F-B35D-FD342A3A88FE}.Debug|Any CPU.Build.0 = Debug|Any CPU
		{D3C8F00E-3151-404F-B35D-FD342A3A88FE}.Release|Any CPU.ActiveCfg = Release|Any CPU
		{D3C8F00E-3151-404F-B35D-FD342A3A88FE}.Release|Any CPU.Build.0 = Release|Any CPU
		{B44E8F8A-0A97-4A2A-AB7F-35C7FF94A849}.Debug|Any CPU.ActiveCfg = Debug|Any CPU
		{B44E8F8A-0A97-4A2A-AB7F-35C7FF94A849}.Debug|Any CPU.Build.0 = Debug|Any CPU
		{B44E8F8A-0A97-4A2A-AB7F-35C7FF94A849}.Release|Any CPU.ActiveCfg = Release|Any CPU
		{B44E8F8A-0A97-4A2A-AB7F-35C7FF94A849}.Release|Any CPU.Build.0 = Release|Any CPU
		{5D4C5FB3-88DD-44B9-954D-D22B7FA99226}.Debug|Any CPU.ActiveCfg = Debug|Any CPU
		{5D4C5FB3-88DD-44B9-954D-D22B7FA99226}.Debug|Any CPU.Build.0 = Debug|Any CPU
		{5D4C5FB3-88DD-44B9-954D-D22B7FA99226}.Release|Any CPU.ActiveCfg = Release|Any CPU
		{5D4C5FB3-88DD-44B9-954D-D22B7FA99226}.Release|Any CPU.Build.0 = Release|Any CPU
	EndGlobalSection
	GlobalSection(SolutionProperties) = preSolution
		HideSolutionNode = FALSE
	EndGlobalSection
	GlobalSection(ExtensibilityGlobals) = postSolution
		SolutionGuid = {A734C3A0-FD30-4D7F-9125-8679F0D568D3}
	EndGlobalSection
EndGlobal
