
Microsoft Visual Studio Solution File, Format Version 12.00
# Visual Studio 15
VisualStudioVersion = 15.0.26730.16
MinimumVisualStudioVersion = 10.0.40219.1
Project("{FAE04EC0-301F-11D3-BF4B-00C04F79EFBC}") = "P01Trainegram", "StringsRegex-Exercises\P01Trainegram.csproj", "{E8A2D8A8-FE63-4705-A7ED-ECAD91B2080C}"
EndProject
Project("{FAE04EC0-301F-11D3-BF4B-00C04F79EFBC}") = "P02AnonymousVox", "P02AnonymousVox\P02AnonymousVox.csproj", "{B92AF0C2-AA34-4EE4-B836-A3D62C5A2F3C}"
EndProject
Global
	GlobalSection(SolutionConfigurationPlatforms) = preSolution
		Debug|Any CPU = Debug|Any CPU
		Release|Any CPU = Release|Any CPU
	EndGlobalSection
	GlobalSection(ProjectConfigurationPlatforms) = postSolution
		{E8A2D8A8-FE63-4705-A7ED-ECAD91B2080C}.Debug|Any CPU.ActiveCfg = Debug|Any CPU
		{E8A2D8A8-FE63-4705-A7ED-ECAD91B2080C}.Debug|Any CPU.Build.0 = Debug|Any CPU
		{E8A2D8A8-FE63-4705-A7ED-ECAD91B2080C}.Release|Any CPU.ActiveCfg = Release|Any CPU
		{E8A2D8A8-FE63-4705-A7ED-ECAD91B2080C}.Release|Any CPU.Build.0 = Release|Any CPU
		{B92AF0C2-AA34-4EE4-B836-A3D62C5A2F3C}.Debug|Any CPU.ActiveCfg = Debug|Any CPU
		{B92AF0C2-AA34-4EE4-B836-A3D62C5A2F3C}.Debug|Any CPU.Build.0 = Debug|Any CPU
		{B92AF0C2-AA34-4EE4-B836-A3D62C5A2F3C}.Release|Any CPU.ActiveCfg = Release|Any CPU
		{B92AF0C2-AA34-4EE4-B836-A3D62C5A2F3C}.Release|Any CPU.Build.0 = Release|Any CPU
	EndGlobalSection
	GlobalSection(SolutionProperties) = preSolution
		HideSolutionNode = FALSE
	EndGlobalSection
	GlobalSection(ExtensibilityGlobals) = postSolution
		SolutionGuid = {68389EBA-59DF-4F64-A132-C97D6F287D4C}
	EndGlobalSection
EndGlobal
